// !$*UTF8*$!
{
	archiveVersion = 1;
	classes = {
	};
	objectVersion = 48;
	objects = {

/* Begin PBXBuildFile section */
		57F2A01E1F7677530012A1C5 /* AppDelegate.m in Sources */ = {isa = PBXBuildFile; fileRef = 57F2A01D1F7677530012A1C5 /* AppDelegate.m */; };
		57F2A0211F7677530012A1C5 /* ViewController.m in Sources */ = {isa = PBXBuildFile; fileRef = 57F2A0201F7677530012A1C5 /* ViewController.m */; };
		57F2A0241F7677530012A1C5 /* Main.storyboard in Resources */ = {isa = PBXBuildFile; fileRef = 57F2A0221F7677530012A1C5 /* Main.storyboard */; };
		57F2A0271F7677530012A1C5 /* TriptyBeta.xcdatamodeld in Sources */ = {isa = PBXBuildFile; fileRef = 57F2A0251F7677530012A1C5 /* TriptyBeta.xcdatamodeld */; };
		57F2A0291F7677530012A1C5 /* Assets.xcassets in Resources */ = {isa = PBXBuildFile; fileRef = 57F2A0281F7677530012A1C5 /* Assets.xcassets */; };
		57F2A02C1F7677530012A1C5 /* LaunchScreen.storyboard in Resources */ = {isa = PBXBuildFile; fileRef = 57F2A02A1F7677530012A1C5 /* LaunchScreen.storyboard */; };
		57F2A02F1F7677530012A1C5 /* main.m in Sources */ = {isa = PBXBuildFile; fileRef = 57F2A02E1F7677530012A1C5 /* main.m */; };
		57F2A0391F7677530012A1C5 /* TriptyBetaTests.m in Sources */ = {isa = PBXBuildFile; fileRef = 57F2A0381F7677530012A1C5 /* TriptyBetaTests.m */; };
		57F2A0441F7677540012A1C5 /* TriptyBetaUITests.m in Sources */ = {isa = PBXBuildFile; fileRef = 57F2A0431F7677540012A1C5 /* TriptyBetaUITests.m */; };
/* End PBXBuildFile section */

/* Begin PBXContainerItemProxy section */
		57F2A0351F7677530012A1C5 /* PBXContainerItemProxy */ = {
			isa = PBXContainerItemProxy;
			containerPortal = 57F2A0111F7677530012A1C5 /* Project object */;
			proxyType = 1;
			remoteGlobalIDString = 57F2A0181F7677530012A1C5;
			remoteInfo = TriptyBeta;
		};
		57F2A0401F7677540012A1C5 /* PBXContainerItemProxy */ = {
			isa = PBXContainerItemProxy;
			containerPortal = 57F2A0111F7677530012A1C5 /* Project object */;
			proxyType = 1;
			remoteGlobalIDString = 57F2A0181F7677530012A1C5;
			remoteInfo = TriptyBeta;
		};
/* End PBXContainerItemProxy section */

/* Begin PBXFileReference section */
		57F2A0191F7677530012A1C5 /* TriptyBeta.app */ = {isa = PBXFileReference; explicitFileType = wrapper.application; includeInIndex = 0; path = TriptyBeta.app; sourceTree = BUILT_PRODUCTS_DIR; };
		57F2A01C1F7677530012A1C5 /* AppDelegate.h */ = {isa = PBXFileReference; lastKnownFileType = sourcecode.c.h; path = AppDelegate.h; sourceTree = "<group>"; };
		57F2A01D1F7677530012A1C5 /* AppDelegate.m */ = {isa = PBXFileReference; lastKnownFileType = sourcecode.c.objc; path = AppDelegate.m; sourceTree = "<group>"; };
		57F2A01F1F7677530012A1C5 /* ViewController.h */ = {isa = PBXFileReference; lastKnownFileType = sourcecode.c.h; path = ViewController.h; sourceTree = "<group>"; };
		57F2A0201F7677530012A1C5 /* ViewController.m */ = {isa = PBXFileReference; lastKnownFileType = sourcecode.c.objc; path = ViewController.m; sourceTree = "<group>"; };
		57F2A0231F7677530012A1C5 /* Base */ = {isa = PBXFileReference; lastKnownFileType = file.storyboard; name = Base; path = Base.lproj/Main.storyboard; sourceTree = "<group>"; };
		57F2A0261F7677530012A1C5 /* TriptyBeta.xcdatamodel */ = {isa = PBXFileReference; lastKnownFileType = wrapper.xcdatamodel; path = TriptyBeta.xcdatamodel; sourceTree = "<group>"; };
		57F2A0281F7677530012A1C5 /* Assets.xcassets */ = {isa = PBXFileReference; lastKnownFileType = folder.assetcatalog; path = Assets.xcassets; sourceTree = "<group>"; };
		57F2A02B1F7677530012A1C5 /* Base */ = {isa = PBXFileReference; lastKnownFileType = file.storyboard; name = Base; path = Base.lproj/LaunchScreen.storyboard; sourceTree = "<group>"; };
		57F2A02D1F7677530012A1C5 /* Info.plist */ = {isa = PBXFileReference; lastKnownFileType = text.plist.xml; path = Info.plist; sourceTree = "<group>"; };
		57F2A02E1F7677530012A1C5 /* main.m */ = {isa = PBXFileReference; lastKnownFileType = sourcecode.c.objc; path = main.m; sourceTree = "<group>"; };
		57F2A0341F7677530012A1C5 /* TriptyBetaTests.xctest */ = {isa = PBXFileReference; explicitFileType = wrapper.cfbundle; includeInIndex = 0; path = TriptyBetaTests.xctest; sourceTree = BUILT_PRODUCTS_DIR; };
		57F2A0381F7677530012A1C5 /* TriptyBetaTests.m */ = {isa = PBXFileReference; lastKnownFileType = sourcecode.c.objc; path = TriptyBetaTests.m; sourceTree = "<group>"; };
		57F2A03A1F7677540012A1C5 /* Info.plist */ = {isa = PBXFileReference; lastKnownFileType = text.plist.xml; path = Info.plist; sourceTree = "<group>"; };
		57F2A03F1F7677540012A1C5 /* TriptyBetaUITests.xctest */ = {isa = PBXFileReference; explicitFileType = wrapper.cfbundle; includeInIndex = 0; path = TriptyBetaUITests.xctest; sourceTree = BUILT_PRODUCTS_DIR; };
		57F2A0431F7677540012A1C5 /* TriptyBetaUITests.m */ = {isa = PBXFileReference; lastKnownFileType = sourcecode.c.objc; path = TriptyBetaUITests.m; sourceTree = "<group>"; };
		57F2A0451F7677540012A1C5 /* Info.plist */ = {isa = PBXFileReference; lastKnownFileType = text.plist.xml; path = Info.plist; sourceTree = "<group>"; };
/* End PBXFileReference section */

/* Begin PBXFrameworksBuildPhase section */
		57F2A0161F7677530012A1C5 /* Frameworks */ = {
			isa = PBXFrameworksBuildPhase;
			buildActionMask = 2147483647;
			files = (
			);
			runOnlyForDeploymentPostprocessing = 0;
		};
		57F2A0311F7677530012A1C5 /* Frameworks */ = {
			isa = PBXFrameworksBuildPhase;
			buildActionMask = 2147483647;
			files = (
			);
			runOnlyForDeploymentPostprocessing = 0;
		};
		57F2A03C1F7677540012A1C5 /* Frameworks */ = {
			isa = PBXFrameworksBuildPhase;
			buildActionMask = 2147483647;
			files = (
			);
			runOnlyForDeploymentPostprocessing = 0;
		};
/* End PBXFrameworksBuildPhase section */

/* Begin PBXGroup section */
		57F2A0101F7677530012A1C5 = {
			isa = PBXGroup;
			children = (
				57F2A01B1F7677530012A1C5 /* TriptyBeta */,
				57F2A0371F7677530012A1C5 /* TriptyBetaTests */,
				57F2A0421F7677540012A1C5 /* TriptyBetaUITests */,
				57F2A01A1F7677530012A1C5 /* Products */,
			);
			sourceTree = "<group>";
		};
		57F2A01A1F7677530012A1C5 /* Products */ = {
			isa = PBXGroup;
			children = (
				57F2A0191F7677530012A1C5 /* TriptyBeta.app */,
				57F2A0341F7677530012A1C5 /* TriptyBetaTests.xctest */,
				57F2A03F1F7677540012A1C5 /* TriptyBetaUITests.xctest */,
			);
			name = Products;
			sourceTree = "<group>";
		};
		57F2A01B1F7677530012A1C5 /* TriptyBeta */ = {
			isa = PBXGroup;
			children = (
				57F2A01C1F7677530012A1C5 /* AppDelegate.h */,
				57F2A01D1F7677530012A1C5 /* AppDelegate.m */,
				57F2A01F1F7677530012A1C5 /* ViewController.h */,
				57F2A0201F7677530012A1C5 /* ViewController.m */,
				57F2A0221F7677530012A1C5 /* Main.storyboard */,
				57F2A0281F7677530012A1C5 /* Assets.xcassets */,
				57F2A02A1F7677530012A1C5 /* LaunchScreen.storyboard */,
				57F2A02D1F7677530012A1C5 /* Info.plist */,
				57F2A02E1F7677530012A1C5 /* main.m */,
				57F2A0251F7677530012A1C5 /* TriptyBeta.xcdatamodeld */,
			);
			path = TriptyBeta;
			sourceTree = "<group>";
		};
		57F2A0371F7677530012A1C5 /* TriptyBetaTests */ = {
			isa = PBXGroup;
			children = (
				57F2A0381F7677530012A1C5 /* TriptyBetaTests.m */,
				57F2A03A1F7677540012A1C5 /* Info.plist */,
			);
			path = TriptyBetaTests;
			sourceTree = "<group>";
		};
		57F2A0421F7677540012A1C5 /* TriptyBetaUITests */ = {
			isa = PBXGroup;
			children = (
				57F2A0431F7677540012A1C5 /* TriptyBetaUITests.m */,
				57F2A0451F7677540012A1C5 /* Info.plist */,
			);
			path = TriptyBetaUITests;
			sourceTree = "<group>";
		};
/* End PBXGroup section */

/* Begin PBXNativeTarget section */
		57F2A0181F7677530012A1C5 /* TriptyBeta */ = {
			isa = PBXNativeTarget;
			buildConfigurationList = 57F2A0481F7677540012A1C5 /* Build configuration list for PBXNativeTarget "TriptyBeta" */;
			buildPhases = (
				57F2A0151F7677530012A1C5 /* Sources */,
				57F2A0161F7677530012A1C5 /* Frameworks */,
				57F2A0171F7677530012A1C5 /* Resources */,
			);
			buildRules = (
			);
			dependencies = (
			);
			name = TriptyBeta;
			productName = TriptyBeta;
			productReference = 57F2A0191F7677530012A1C5 /* TriptyBeta.app */;
			productType = "com.apple.product-type.application";
		};
		57F2A0331F7677530012A1C5 /* TriptyBetaTests */ = {
			isa = PBXNativeTarget;
			buildConfigurationList = 57F2A04B1F7677540012A1C5 /* Build configuration list for PBXNativeTarget "TriptyBetaTests" */;
			buildPhases = (
				57F2A0301F7677530012A1C5 /* Sources */,
				57F2A0311F7677530012A1C5 /* Frameworks */,
				57F2A0321F7677530012A1C5 /* Resources */,
			);
			buildRules = (
			);
			dependencies = (
				57F2A0361F7677530012A1C5 /* PBXTargetDependency */,
			);
			name = TriptyBetaTests;
			productName = TriptyBetaTests;
			productReference = 57F2A0341F7677530012A1C5 /* TriptyBetaTests.xctest */;
			productType = "com.apple.product-type.bundle.unit-test";
		};
		57F2A03E1F7677540012A1C5 /* TriptyBetaUITests */ = {
			isa = PBXNativeTarget;
			buildConfigurationList = 57F2A04E1F7677540012A1C5 /* Build configuration list for PBXNativeTarget "TriptyBetaUITests" */;
			buildPhases = (
				57F2A03B1F7677540012A1C5 /* Sources */,
				57F2A03C1F7677540012A1C5 /* Frameworks */,
				57F2A03D1F7677540012A1C5 /* Resources */,
			);
			buildRules = (
			);
			dependencies = (
				57F2A0411F7677540012A1C5 /* PBXTargetDependency */,
			);
			name = TriptyBetaUITests;
			productName = TriptyBetaUITests;
			productReference = 57F2A03F1F7677540012A1C5 /* TriptyBetaUITests.xctest */;
			productType = "com.apple.product-type.bundle.ui-testing";
		};
/* End PBXNativeTarget section */

/* Begin PBXProject section */
		57F2A0111F7677530012A1C5 /* Project object */ = {
			isa = PBXProject;
			attributes = {
				LastUpgradeCheck = 0900;
				ORGANIZATIONNAME = "Miguel Fontamillas";
				TargetAttributes = {
					57F2A0181F7677530012A1C5 = {
						CreatedOnToolsVersion = 9.0;
						ProvisioningStyle = Automatic;
					};
					57F2A0331F7677530012A1C5 = {
						CreatedOnToolsVersion = 9.0;
						ProvisioningStyle = Automatic;
						TestTargetID = 57F2A0181F7677530012A1C5;
					};
					57F2A03E1F7677540012A1C5 = {
						CreatedOnToolsVersion = 9.0;
						ProvisioningStyle = Automatic;
						TestTargetID = 57F2A0181F7677530012A1C5;
					};
				};
			};
			buildConfigurationList = 57F2A0141F7677530012A1C5 /* Build configuration list for PBXProject "TriptyBeta" */;
			compatibilityVersion = "Xcode 8.0";
			developmentRegion = en;
			hasScannedForEncodings = 0;
			knownRegions = (
				en,
				Base,
			);
			mainGroup = 57F2A0101F7677530012A1C5;
			productRefGroup = 57F2A01A1F7677530012A1C5 /* Products */;
			projectDirPath = "";
			projectRoot = "";
			targets = (
				57F2A0181F7677530012A1C5 /* TriptyBeta */,
				57F2A0331F7677530012A1C5 /* TriptyBetaTests */,
				57F2A03E1F7677540012A1C5 /* TriptyBetaUITests */,
			);
		};
/* End PBXProject section */

/* Begin PBXResourcesBuildPhase section */
		57F2A0171F7677530012A1C5 /* Resources */ = {
			isa = PBXResourcesBuildPhase;
			buildActionMask = 2147483647;
			files = (
				57F2A02C1F7677530012A1C5 /* LaunchScreen.storyboard in Resources */,
				57F2A0291F7677530012A1C5 /* Assets.xcassets in Resources */,
				57F2A0241F7677530012A1C5 /* Main.storyboard in Resources */,
			);
			runOnlyForDeploymentPostprocessing = 0;
		};
		57F2A0321F7677530012A1C5 /* Resources */ = {
			isa = PBXResourcesBuildPhase;
			buildActionMask = 2147483647;
			files = (
			);
			runOnlyForDeploymentPostprocessing = 0;
		};
		57F2A03D1F7677540012A1C5 /* Resources */ = {
			isa = PBXResourcesBuildPhase;
			buildActionMask = 2147483647;
			files = (
			);
			runOnlyForDeploymentPostprocessing = 0;
		};
/* End PBXResourcesBuildPhase section */

/* Begin PBXSourcesBuildPhase section */
		57F2A0151F7677530012A1C5 /* Sources */ = {
			isa = PBXSourcesBuildPhase;
			buildActionMask = 2147483647;
			files = (
				57F2A0211F7677530012A1C5 /* ViewController.m in Sources */,
				57F2A01E1F7677530012A1C5 /* AppDelegate.m in Sources */,
				57F2A02F1F7677530012A1C5 /* main.m in Sources */,
				57F2A0271F7677530012A1C5 /* TriptyBeta.xcdatamodeld in Sources */,
			);
			runOnlyForDeploymentPostprocessing = 0;
		};
		57F2A0301F7677530012A1C5 /* Sources */ = {
			isa = PBXSourcesBuildPhase;
			buildActionMask = 2147483647;
			files = (
				57F2A0391F7677530012A1C5 /* TriptyBetaTests.m in Sources */,
			);
			runOnlyForDeploymentPostprocessing = 0;
		};
		57F2A03B1F7677540012A1C5 /* Sources */ = {
			isa = PBXSourcesBuildPhase;
			buildActionMask = 2147483647;
			files = (
				57F2A0441F7677540012A1C5 /* TriptyBetaUITests.m in Sources */,
			);
			runOnlyForDeploymentPostprocessing = 0;
		};
/* End PBXSourcesBuildPhase section */

/* Begin PBXTargetDependency section */
		57F2A0361F7677530012A1C5 /* PBXTargetDependency */ = {
			isa = PBXTargetDependency;
			target = 57F2A0181F7677530012A1C5 /* TriptyBeta */;
			targetProxy = 57F2A0351F7677530012A1C5 /* PBXContainerItemProxy */;
		};
		57F2A0411F7677540012A1C5 /* PBXTargetDependency */ = {
			isa = PBXTargetDependency;
			target = 57F2A0181F7677530012A1C5 /* TriptyBeta */;
			targetProxy = 57F2A0401F7677540012A1C5 /* PBXContainerItemProxy */;
		};
/* End PBXTargetDependency section */

/* Begin PBXVariantGroup section */
		57F2A0221F7677530012A1C5 /* Main.storyboard */ = {
			isa = PBXVariantGroup;
			children = (
				57F2A0231F7677530012A1C5 /* Base */,
			);
			name = Main.storyboard;
			sourceTree = "<group>";
		};
		57F2A02A1F7677530012A1C5 /* LaunchScreen.storyboard */ = {
			isa = PBXVariantGroup;
			children = (
				57F2A02B1F7677530012A1C5 /* Base */,
			);
			name = LaunchScreen.storyboard;
			sourceTree = "<group>";
		};
/* End PBXVariantGroup section */

/* Begin XCBuildConfiguration section */
		57F2A0461F7677540012A1C5 /* Debug */ = {
			isa = XCBuildConfiguration;
			buildSettings = {
				ALWAYS_SEARCH_USER_PATHS = NO;
				CLANG_ANALYZER_NONNULL = YES;
				CLANG_ANALYZER_NUMBER_OBJECT_CONVERSION = YES_AGGRESSIVE;
				CLANG_CXX_LANGUAGE_STANDARD = "gnu++14";
				CLANG_CXX_LIBRARY = "libc++";
				CLANG_ENABLE_MODULES = YES;
				CLANG_ENABLE_OBJC_ARC = YES;
				CLANG_WARN_BLOCK_CAPTURE_AUTORELEASING = YES;
				CLANG_WARN_BOOL_CONVERSION = YES;
				CLANG_WARN_COMMA = YES;
				CLANG_WARN_CONSTANT_CONVERSION = YES;
				CLANG_WARN_DIRECT_OBJC_ISA_USAGE = YES_ERROR;
				CLANG_WARN_DOCUMENTATION_COMMENTS = YES;
				CLANG_WARN_EMPTY_BODY = YES;
				CLANG_WARN_ENUM_CONVERSION = YES;
				CLANG_WARN_INFINITE_RECURSION = YES;
				CLANG_WARN_INT_CONVERSION = YES;
				CLANG_WARN_NON_LITERAL_NULL_CONVERSION = YES;
				CLANG_WARN_OBJC_LITERAL_CONVERSION = YES;
				CLANG_WARN_OBJC_ROOT_CLASS = YES_ERROR;
				CLANG_WARN_RANGE_LOOP_ANALYSIS = YES;
				CLANG_WARN_STRICT_PROTOTYPES = YES;
				CLANG_WARN_SUSPICIOUS_MOVE = YES;
				CLANG_WARN_UNGUARDED_AVAILABILITY = YES_AGGRESSIVE;
				CLANG_WARN_UNREACHABLE_CODE = YES;
				CLANG_WARN__DUPLICATE_METHOD_MATCH = YES;
				CODE_SIGN_IDENTITY = "iPhone Developer";
				COPY_PHASE_STRIP = NO;
				DEBUG_INFORMATION_FORMAT = dwarf;
				ENABLE_STRICT_OBJC_MSGSEND = YES;
				ENABLE_TESTABILITY = YES;
				GCC_C_LANGUAGE_STANDARD = gnu11;
				GCC_DYNAMIC_NO_PIC = NO;
				GCC_NO_COMMON_BLOCKS = YES;
				GCC_OPTIMIZATION_LEVEL = 0;
				GCC_PREPROCESSOR_DEFINITIONS = (
					"DEBUG=1",
					"$(inherited)",
				);
				GCC_WARN_64_TO_32_BIT_CONVERSION = YES;
				GCC_WARN_ABOUT_RETURN_TYPE = YES_ERROR;
				GCC_WARN_UNDECLARED_SELECTOR = YES;
				GCC_WARN_UNINITIALIZED_AUTOS = YES_AGGRESSIVE;
				GCC_WARN_UNUSED_FUNCTION = YES;
				GCC_WARN_UNUSED_VARIABLE = YES;
				IPHONEOS_DEPLOYMENT_TARGET = 11.0;
				MTL_ENABLE_DEBUG_INFO = YES;
				ONLY_ACTIVE_ARCH = YES;
				SDKROOT = iphoneos;
			};
			name = Debug;
		};
		57F2A0471F7677540012A1C5 /* Release */ = {
			isa = XCBuildConfiguration;
			buildSettings = {
				ALWAYS_SEARCH_USER_PATHS = NO;
				CLANG_ANALYZER_NONNULL = YES;
				CLANG_ANALYZER_NUMBER_OBJECT_CONVERSION = YES_AGGRESSIVE;
				CLANG_CXX_LANGUAGE_STANDARD = "gnu++14";
				CLANG_CXX_LIBRARY = "libc++";
				CLANG_ENABLE_MODULES = YES;
				CLANG_ENABLE_OBJC_ARC = YES;
				CLANG_WARN_BLOCK_CAPTURE_AUTORELEASING = YES;
				CLANG_WARN_BOOL_CONVERSION = YES;
				CLANG_WARN_COMMA = YES;
				CLANG_WARN_CONSTANT_CONVERSION = YES;
				CLANG_WARN_DIRECT_OBJC_ISA_USAGE = YES_ERROR;
				CLANG_WARN_DOCUMENTATION_COMMENTS = YES;
				CLANG_WARN_EMPTY_BODY = YES;
				CLANG_WARN_ENUM_CONVERSION = YES;
				CLANG_WARN_INFINITE_RECURSION = YES;
				CLANG_WARN_INT_CONVERSION = YES;
				CLANG_WARN_NON_LITERAL_NULL_CONVERSION = YES;
				CLANG_WARN_OBJC_LITERAL_CONVERSION = YES;
				CLANG_WARN_OBJC_ROOT_CLASS = YES_ERROR;
				CLANG_WARN_RANGE_LOOP_ANALYSIS = YES;
				CLANG_WARN_STRICT_PROTOTYPES = YES;
				CLANG_WARN_SUSPICIOUS_MOVE = YES;
				CLANG_WARN_UNGUARDED_AVAILABILITY = YES_AGGRESSIVE;
				CLANG_WARN_UNREACHABLE_CODE = YES;
				CLANG_WARN__DUPLICATE_METHOD_MATCH = YES;
				CODE_SIGN_IDENTITY = "iPhone Developer";
				COPY_PHASE_STRIP = NO;
				DEBUG_INFORMATION_FORMAT = "dwarf-with-dsym";
				ENABLE_NS_ASSERTIONS = NO;
				ENABLE_STRICT_OBJC_MSGSEND = YES;
				GCC_C_LANGUAGE_STANDARD = gnu11;
				GCC_NO_COMMON_BLOCKS = YES;
				GCC_WARN_64_TO_32_BIT_CONVERSION = YES;
				GCC_WARN_ABOUT_RETURN_TYPE = YES_ERROR;
				GCC_WARN_UNDECLARED_SELECTOR = YES;
				GCC_WARN_UNINITIALIZED_AUTOS = YES_AGGRESSIVE;
				GCC_WARN_UNUSED_FUNCTION = YES;
				GCC_WARN_UNUSED_VARIABLE = YES;
				IPHONEOS_DEPLOYMENT_TARGET = 11.0;
				MTL_ENABLE_DEBUG_INFO = NO;
				SDKROOT = iphoneos;
				VALIDATE_PRODUCT = YES;
			};
			name = Release;
		};
		57F2A0491F7677540012A1C5 /* Debug */ = {
			isa = XCBuildConfiguration;
			buildSettings = {
				ASSETCATALOG_COMPILER_APPICON_NAME = AppIcon;
				CODE_SIGN_STYLE = Automatic;
				INFOPLIST_FILE = TriptyBeta/Info.plist;
				LD_RUNPATH_SEARCH_PATHS = "$(inherited) @executable_path/Frameworks";
				PRODUCT_BUNDLE_IDENTIFIER = com.Tripty.TriptyBeta.TriptyBeta;
				PRODUCT_NAME = "$(TARGET_NAME)";
				TARGETED_DEVICE_FAMILY = "1,2";
			};
			name = Debug;
		};
		57F2A04A1F7677540012A1C5 /* Release */ = {
			isa = XCBuildConfiguration;
			buildSettings = {
				ASSETCATALOG_COMPILER_APPICON_NAME = AppIcon;
				CODE_SIGN_STYLE = Automatic;
				INFOPLIST_FILE = TriptyBeta/Info.plist;
				LD_RUNPATH_SEARCH_PATHS = "$(inherited) @executable_path/Frameworks";
				PRODUCT_BUNDLE_IDENTIFIER = com.Tripty.TriptyBeta.TriptyBeta;
				PRODUCT_NAME = "$(TARGET_NAME)";
				TARGETED_DEVICE_FAMILY = "1,2";
			};
			name = Release;
		};
		57F2A04C1F7677540012A1C5 /* Debug */ = {
			isa = XCBuildConfiguration;
			buildSettings = {
				BUNDLE_LOADER = "$(TEST_HOST)";
				CODE_SIGN_STYLE = Automatic;
				INFOPLIST_FILE = TriptyBetaTests/Info.plist;
				LD_RUNPATH_SEARCH_PATHS = "$(inherited) @executable_path/Frameworks @loader_path/Frameworks";
				PRODUCT_BUNDLE_IDENTIFIER = com.Tripty.TriptyBeta.TriptyBetaTests;
				PRODUCT_NAME = "$(TARGET_NAME)";
				TARGETED_DEVICE_FAMILY = "1,2";
				TEST_HOST = "$(BUILT_PRODUCTS_DIR)/TriptyBeta.app/TriptyBeta";
			};
			name = Debug;
		};
		57F2A04D1F7677540012A1C5 /* Release */ = {
			isa = XCBuildConfiguration;
			buildSettings = {
				BUNDLE_LOADER = "$(TEST_HOST)";
				CODE_SIGN_STYLE = Automatic;
				INFOPLIST_FILE = TriptyBetaTests/Info.plist;
				LD_RUNPATH_SEARCH_PATHS = "$(inherited) @executable_path/Frameworks @loader_path/Frameworks";
				PRODUCT_BUNDLE_IDENTIFIER = com.Tripty.TriptyBeta.TriptyBetaTests;
				PRODUCT_NAME = "$(TARGET_NAME)";
				TARGETED_DEVICE_FAMILY = "1,2";
				TEST_HOST = "$(BUILT_PRODUCTS_DIR)/TriptyBeta.app/TriptyBeta";
			};
			name = Release;
		};
		57F2A04F1F7677540012A1C5 /* Debug */ = {
			isa = XCBuildConfiguration;
			buildSettings = {
				CODE_SIGN_STYLE = Automatic;
				INFOPLIST_FILE = TriptyBetaUITests/Info.plist;
				LD_RUNPATH_SEARCH_PATHS = "$(inherited) @executable_path/Frameworks @loader_path/Frameworks";
				PRODUCT_BUNDLE_IDENTIFIER = com.Tripty.TriptyBeta.TriptyBetaUITests;
				PRODUCT_NAME = "$(TARGET_NAME)";
				TARGETED_DEVICE_FAMILY = "1,2";
				TEST_TARGET_NAME = TriptyBeta;
			};
			name = Debug;
		};
		57F2A0501F7677540012A1C5 /* Release */ = {
			isa = XCBuildConfiguration;
			buildSettings = {
				CODE_SIGN_STYLE = Automatic;
				INFOPLIST_FILE = TriptyBetaUITests/Info.plist;
				LD_RUNPATH_SEARCH_PATHS = "$(inherited) @executable_path/Frameworks @loader_path/Frameworks";
				PRODUCT_BUNDLE_IDENTIFIER = com.Tripty.TriptyBeta.TriptyBetaUITests;
				PRODUCT_NAME = "$(TARGET_NAME)";
				TARGETED_DEVICE_FAMILY = "1,2";
				TEST_TARGET_NAME = TriptyBeta;
			};
			name = Release;
		};
/* End XCBuildConfiguration section */

/* Begin XCConfigurationList section */
		57F2A0141F7677530012A1C5 /* Build configuration list for PBXProject "TriptyBeta" */ = {
			isa = XCConfigurationList;
			buildConfigurations = (
				57F2A0461F7677540012A1C5 /* Debug */,
				57F2A0471F7677540012A1C5 /* Release */,
			);
			defaultConfigurationIsVisible = 0;
			defaultConfigurationName = Release;
		};
		57F2A0481F7677540012A1C5 /* Build configuration list for PBXNativeTarget "TriptyBeta" */ = {
			isa = XCConfigurationList;
			buildConfigurations = (
				57F2A0491F7677540012A1C5 /* Debug */,
				57F2A04A1F7677540012A1C5 /* Release */,
			);
			defaultConfigurationIsVisible = 0;
			defaultConfigurationName = Release;
		};
		57F2A04B1F7677540012A1C5 /* Build configuration list for PBXNativeTarget "TriptyBetaTests" */ = {
			isa = XCConfigurationList;
			buildConfigurations = (
				57F2A04C1F7677540012A1C5 /* Debug */,
				57F2A04D1F7677540012A1C5 /* Release */,
			);
			defaultConfigurationIsVisible = 0;
			defaultConfigurationName = Release;
		};
		57F2A04E1F7677540012A1C5 /* Build configuration list for PBXNativeTarget "TriptyBetaUITests" */ = {
			isa = XCConfigurationList;
			buildConfigurations = (
				57F2A04F1F7677540012A1C5 /* Debug */,
				57F2A0501F7677540012A1C5 /* Release */,
			);
			defaultConfigurationIsVisible = 0;
			defaultConfigurationName = Release;
		};
/* End XCConfigurationList section */

/* Begin XCVersionGroup section */
		57F2A0251F7677530012A1C5 /* TriptyBeta.xcdatamodeld */ = {
			isa = XCVersionGroup;
			children = (
				57F2A0261F7677530012A1C5 /* TriptyBeta.xcdatamodel */,
			);
			currentVersion = 57F2A0261F7677530012A1C5 /* TriptyBeta.xcdatamodel */;
			path = TriptyBeta.xcdatamodeld;
			sourceTree = "<group>";
			versionGroupType = wrapper.xcdatamodel;
		};
/* End XCVersionGroup section */
	};
	rootObject = 57F2A0111F7677530012A1C5 /* Project object */;
}
